github.com/asticode/go-astiav v0.19.0 h1:tAyTiYCmwBuApfCZRBMdaOkyhfxN39ybvqXGZkw4OCk=
github.com/asticode/go-astiav v0.19.0/go.mod h1:K7D8UC6GeQt85FUxk2KVwYxHnotrxuEnp5evkkudc2s=
github.com/asticode/go-astikit v0.42.0 h1:pnir/2KLUSr0527Tv908iAH6EGYYrYta132vvjXsH5w=
github.com/asticode/go-astikit v0.42.0/go.mod h1:h4ly7idim1tNhaVkdVBeXQZEE3L0xblP7fCWbgwipF0=
github.com/at-wat/ebml-go v0.17.1 h1:pWG1NOATCFu1hnlowCzrA1VR/3s8tPY6qpU+2FwW7X4=
github.com/at-wat/ebml-go v0.17.1/go.mod h1:w1cJs7zmGsb5nnSvhWGKLCxvfu4FVx5ERvYDIalj1ww=
github.com/coreos/go-systemd/v22 v22.5.0/go.mod h1:Y58oyj3AT4RCenI/lSvhwexgC+NSVTIJ3seZv2GcEnc=
github.com/davecgh/go-spew v1.1.1 h1:vj9j/u1bqnvCEfJOwUhtlOARqs3+rkHYY13jYWTU97c=
github.com/davecgh/go-spew v1.1.1/go.mod h1:J7Y8YcW2NihsgmVo/mv3lAwl/skON4iLHjSsI+c5H38=
github.com/ebitengine/debugui v0.1.1 h1:3b4cIujNvKYhozlBjag9TWuuyo67Di3DgXWAz+f7xAY=
github.com/ebitengine/debugui v0.1.1/go.mod h1:wIKIq5RvNFb3+nFfJcYqSLvpC1ioD/BglWDtuWFSDz0=
github.com/ebitengine/gomobile v0.0.0-20240911145611-4856209ac325 h1:Gk1XUEttOk0/hb6Tq3WkmutWa0ZLhNn/6fc6XZpM7tM=
github.com/ebitengine/gomobile v0.0.0-20240911145611-4856209ac325/go.mod h1:ulhSQcbPioQrallSuIzF8l1NKQoD7xmMZc5NxzibUMY=
github.com/ebitengine/hideconsole v1.0.0 h1:5J4U0kXF+pv/DhiXt5/lTz0eO5ogJ1iXb8Yj1yReDqE=
github.com/ebitengine/hideconsole v1.0.0/go.mod h1:hTTBTvVYWKBuxPr7peweneWdkUwEuHuB3C1R/ielR1A=
github.com/ebitengine/purego v0.8.0 h1:JbqvnEzRvPpxhCJzJJ2y0RbiZ8nyjccVUrSM3q+GvvE=
github.com/ebitengine/purego v0.8.0/go.mod h1:iIjxzd6CiRiOG0UyXP+V1+jWqUXVjPKLAI0mRfJZTmQ=
github.com/emiago/sipgo v0.29.0 h1:dg/FwwhSl6hQTiOTIHzcqemZm3tB7jvGQgIlJmuD2Nw=
github.com/emiago/sipgo v0.29.0/go.mod h1:ZQ/tl5t+3assyOjiKw/AInPkcawBJ2Or+d5buztOZsc=
github.com/go-gst/go-glib v1.3.0 h1:u+mPUdLmrDFA/MskIxInJY+M0O1RSkHeZYggnJGWlPk=
github.com/go-gst/go-glib v1.3.0/go.mod h1:JybIYeoHNwCkHGaBf1fHNIaM4sQTrJPkPLsi7dmPNOU=
github.com/go-gst/go-gst v1.3.0 h1:z4mQ7CNJXd6ZfkibzIT9kZKwtgEFJo7jJGlX9cXFzz0=
github.com/go-gst/go-gst v1.3.0/go.mod h1:2li6ghiCBz7/R6DA7itVto3gsYh0QKicwSxEefNVYqE=
github.com/go-text/typesetting v0.2.0 h1:fbzsgbmk04KiWtE+c3ZD4W2nmCRzBqrqQOvYlwAOdho=
github.com/go-text/typesetting v0.2.0/go.mod h1:2+owI/sxa73XA581LAzVuEBZ3WEEV2pXeDswCH/3i1I=
github.com/go-text/typesetting-utils v0.0.0-20240317173224-1986cbe96c66 h1:GUrm65PQPlhFSKjLPGOZNPNxLCybjzjYBzjfoBGaDUY=
github.com/go-text/typesetting-utils v0.0.0-20240317173224-1986cbe96c66/go.mod h1:DDxDdQEnB70R8owOx3LVpEFvpMK9eeH1o2r0yZhFI9o=
github.com/gobwas/httphead v0.1.0 h1:exrUm0f4YX0L7EBwZHuCF4GDp8aJfVeBrlLQrs6NqWU=
github.com/gobwas/httphead v0.1.0/go.mod h1:O/RXo79gxV8G+RqlR/otEwx4Q36zl9rqC5u12GKvMCM=
github.com/gobwas/pool v0.2.1 h1:xfeeEhW7pwmX8nuLVlqbzVc7udMDrwetjEv+TZIz1og=
github.com/gobwas/pool v0.2.1/go.mod h1:q8bcK0KcYlCgd9e7WYLm9LpyS+YeLd8JVDW6WezmKEw=
github.com/gobwas/ws v1.3.2 h1:zlnbNHxumkRvfPWgfXu8RBwyNR1x8wh9cf5PTOCqs9Q=
github.com/gobwas/ws v1.3.2/go.mod h1:hRKAFb8wOxFROYNsT1bqfWnhX+b5MFeJM9r2ZSwg/KY=
github.com/godbus/dbus/v5 v5.0.4/go.mod h1:xhWf0FNVPg57R7Z0UbKHbJfkEywrmjJnf7w5xrFpKfA=
github.com/google/go-cmp v0.3.0/go.mod h1:8QqcDgzrUqlUb/G2PQTWiueGozuR1884gddMywk6iLU=
github.com/google/go-cmp v0.6.0 h1:ofyhxvXcZhMsU5ulbFiLKl/XBFqE1GSq7atu8tAmTRI=
github.com/google/go-cmp v0.6.0/go.mod h1:17dUlkBOakJ0+DkrSSNjCkIjxS6bF9zb3elmeNGIjoY=
github.com/google/uuid v1.6.0 h1:NIvaJDMOsjHA8n1jAhLSgzrAzy1Hgr+hNrb57e+94F0=
github.com/google/uuid v1.6.0/go.mod h1:TIyPZe4MgqvfeYDBFedMoGGpEw/LqOeaOT+nhxU+yHo=
github.com/gorilla/websocket v1.5.3 h1:saDtZ6Pbx/0u+bgYQ3q96pZgCzfhKXGPqt7kZ72aNNg=
github.com/gorilla/websocket v1.5.3/go.mod h1:YR8l580nyteQvAITg2hZ9XVh4b55+EU/adAjf1fMHhE=
github.com/hajimehoshi/bitmapfont/v3 v3.2.1 h1:33Lw85DZolX3upouUqf6Qza8HYGIROvr7SYin7PzIZ8=
github.com/hajimehoshi/bitmapfont/v3 v3.2.1/go.mod h1:8gLqGatKVu0pwcNCJguW3Igg9WQqVXF0zg/RvrGQWyg=
github.com/hajimehoshi/ebiten/v2 v2.8.8 h1:xyMxOAn52T1tQ+j3vdieZ7auDBOXmvjUprSrxaIbsi8=
github.com/hajimehoshi/ebiten/v2 v2.8.8/go.mod h1:durJ05+OYnio9b8q0sEtOgaNeBEQG7Yr7lRviAciYbs=
github.com/icholy/digest v0.1.22 h1:dRIwCjtAcXch57ei+F0HSb5hmprL873+q7PoVojdMzM=
github.com/icholy/digest v0.1.22/go.mod h1:uLAeDdWKIWNFMH0wqbwchbTQOmJWhzSnL7zmqSPqEEc=
github.com/jezek/xgb v1.1.1 h1:bE/r8ZZtSv7l9gk6nU0mYx51aXrvnyb44892TwSaqS4=
github.com/jezek/xgb v1.1.1/go.mod h1:nrhwO0FX/enq75I7Y7G8iN1ubpSGZEiA3v9e9GyRFlk=
github.com/kr/pretty v0.3.1 h1:flRD4NNwYAUpkphVc1HcthR4KEIFJ65n8Mw5qdRn3LE=
github.com/kr/pretty v0.3.1/go.mod h1:hoEshYVHaxMs3cyo3Yncou5ZscifuDolrwPKZanG3xk=
github.com/kr/text v0.2.0 h1:5Nx0Ya0ZqY2ygV366QzturHI13Jq95ApcVaJBhpS+AY=
github.com/kr/text v0.2.0/go.mod h1:eLer722TekiGuMkidMxC/pM04lWEeraHUUmBw8l2grE=
github.com/mattn/go-colorable v0.1.13 h1:fFA4WZxdEF4tXPZVKMLwD8oUnCTTo08duU7wxecdEvA=
github.com/mattn/go-colorable v0.1.13/go.mod h1:7S9/ev0klgBDR4GtXTXX8a3vIGJpMovkB8vQcUbaXHg=
github.com/mattn/go-isatty v0.0.16/go.mod h1:kYGgaQfpe5nmfYZH+SKPsOc2e4SrIfOl2e/yFXSvRLM=
github.com/mattn/go-isatty v0.0.19/go.mod h1:W+V8PltTTMOvKvAeJH7IuucS94S2C6jfK/D7dTCTo3Y=
github.com/mattn/go-isatty v0.0.20 h1:xfD0iDuEKnDkl03q4limB+vH+GxLEtL/jb4xVJSWWEY=
github.com/mattn/go-isatty v0.0.20/go.mod h1:W+V8PltTTMOvKvAeJH7IuucS94S2C6jfK/D7dTCTo3Y=
github.com/mattn/go-pointer v0.0.1 h1:n+XhsuGeVO6MEAp7xyEukFINEa+Quek5psIR/ylA6o0=
github.com/mattn/go-pointer v0.0.1/go.mod h1:2zXcozF6qYGgmsG+SeTZz3oAbFLdD3OWqnUbNvJZAlc=
github.com/notedit/janus-go v0.0.0-20210115013133-fdce1b146d0e h1:L1QWI1FyFkgLOLSP/BlbkLiyLyqUuyxCCRJyULDinx8=
github.com/notedit/janus-go v0.0.0-20210115013133-fdce1b146d0e/go.mod h1:BN/Txse3qz8tZOmCm2OfajB2wHVujWmX3o9nVdsI6gE=
github.com/pierrec/lz4/v4 v4.1.21 h1:yOVMLb6qSIDP67pl/5F7RepeKYu/VmTyEXvuMI5d9mQ=
github.com/pierrec/lz4/v4 v4.1.21/go.mod h1:gZWDp/Ze/IJXGXf23ltt2EXimqmTUXEy0GFuRQyBid4=
github.com/pion/datachannel v1.5.10 h1:ly0Q26K1i6ZkGf42W7D4hQYR90pZwzFOjTq5AuCKk4o=
github.com/pion/datachannel v1.5.10/go.mod h1:p/jJfC9arb29W7WrxyKbepTU20CFgyx5oLo8Rs4Py/M=
github.com/pion/dtls/v3 v3.0.6 h1:7Hkd8WhAJNbRgq9RgdNh1aaWlZlGpYTzdqjy9x9sK2E=
github.com/pion/dtls/v3 v3.0.6/go.mod h1:iJxNQ3Uhn1NZWOMWlLxEEHAN5yX7GyPvvKw04v9bzYU=
github.com/pion/ice/v4 v4.0.10 h1:P59w1iauC/wPk9PdY8Vjl4fOFL5B+USq1+xbDcN6gT4=
github.com/pion/ice/v4 v4.0.10/go.mod h1:y3M18aPhIxLlcO/4dn9X8LzLLSma84cx6emMSu14FGw=
github.com/pion/interceptor v0.1.37 h1:aRA8Zpab/wE7/c0O3fh1PqY0AJI3fCSEM5lRWJVorwI=
github.com/pion/interceptor v0.1.37/go.mod h1:JzxbJ4umVTlZAf+/utHzNesY8tmRkM2lVmkS82TTj8Y=
github.com/pion/logging v0.2.3 h1:gHuf0zpoh1GW67Nr6Gj4cv5Z9ZscU7g/EaoC/Ke/igI=
github.com/pion/logging v0.2.3/go.mod h1:z8YfknkquMe1csOrxK5kc+5/ZPAzMxbKLX5aXpbpC90=
github.com/pion/mdns/v2 v2.0.7 h1:c9kM8ewCgjslaAmicYMFQIde2H9/lrZpjBkN8VwoVtM=
github.com/pion/mdns/v2 v2.0.7/go.mod h1:vAdSYNAT0Jy3Ru0zl2YiW3Rm/fJCwIeM0nToenfOJKA=
github.com/pion/randutil v0.1.0 h1:CFG1UdESneORglEsnimhUjf33Rwjubwj6xfiOXBa3mA=
github.com/pion/randutil v0.1.0/go.mod h1:XcJrSMMbbMRhASFVOlj/5hQial/Y8oH/HVo7TBZq+j8=
github.com/pion/rtcp v1.2.15 h1:LZQi2JbdipLOj4eBjK4wlVoQWfrZbh3Q6eHtWtJBZBo=
github.com/pion/rtcp v1.2.15/go.mod h1:jlGuAjHMEXwMUHK78RgX0UmEJFV4zUKOFHR7OP+D3D0=
github.com/pion/rtp v1.8.15 h1:MuhuGn1cxpVCPLNY1lI7F1tQ8Spntpgf12ob+pOYT8s=
github.com/pion/rtp v1.8.15/go.mod h1:bAu2UFKScgzyFqvUKmbvzSdPr+NGbZtv6UB2hesqXBk=
github.com/pion/sctp v1.8.39 h1:PJma40vRHa3UTO3C4MyeJDQ+KIobVYRZQZ0Nt7SjQnE=
github.com/pion/sctp v1.8.39/go.mod h1:cNiLdchXra8fHQwmIoqw0MbLLMs+f7uQ+dGMG2gWebE=
github.com/pion/sdp/v3 v3.0.11 h1:VhgVSopdsBKwhCFoyyPmT1fKMeV9nLMrEKxNOdy3IVI=
github.com/pion/sdp/v3 v3.0.11/go.mod h1:88GMahN5xnScv1hIMTqLdu/cOcUkj6a9ytbncwMCq2E=
github.com/pion/srtp/v3 v3.0.4 h1:2Z6vDVxzrX3UHEgrUyIGM4rRouoC7v+NiF1IHtp9B5M=
github.com/pion/srtp/v3 v3.0.4/go.mod h1:1Jx3FwDoxpRaTh1oRV8A/6G1BnFL+QI82eK4ms8EEJQ=
github.com/pion/stun/v3 v3.0.0 h1:4h1gwhWLWuZWOJIJR9s2ferRO+W3zA/b6ijOI6mKzUw=
github.com/pion/stun/v3 v3.0.0/go.mod h1:HvCN8txt8mwi4FBvS3EmDghW6aQJ24T+y+1TKjB5jyU=
github.com/pion/transport/v3 v3.0.7 h1:iRbMH05BzSNwhILHoBoAPxoB9xQgOaJk+591KC9P1o0=
github.com/pion/transport/v3 v3.0.7/go.mod h1:YleKiTZ4vqNxVwh77Z0zytYi7rXHl7j6uPLGhhz9rwo=
github.com/pion/turn/v4 v4.0.0 h1:qxplo3Rxa9Yg1xXDxxH8xaqcyGUtbHYw4QSCvmFWvhM=
github.com/pion/turn/v4 v4.0.0/go.mod h1:MuPDkm15nYSklKpN8vWJ9W2M0PlyQZqYt1McGuxG7mA=
github.com/pion/webrtc/v4 v4.1.0 h1:yq/p0G5nKGbHISf0YKNA8Yk+kmijbblBvuSLwaJ4QYg=
github.com/pion/webrtc/v4 v4.1.0/go.mod h1:cgEGkcpxGkT6Di2ClBYO5lP9mFXbCfEOrkYUpjjCQO4=
github.com/pkg/browser v0.0.0-20240102092130-5ac0b6a4141c/go.mod h1:7rwL4CYBLnjLxUqIJNnCWiEdr3bn6IUYi15bNlnbCCU=
github.com/pkg/errors v0.8.1/go.mod h1:bwawxfHBFNV+L2hUp1rHADufV3IMtnDRdf1r5NINEl0=
github.com/pkg/errors v0.9.1/go.mod h1:bwawxfHBFNV+L2hUp1rHADufV3IMtnDRdf1r5NINEl0=
github.com/pmezard/go-difflib v1.0.0 h1:4DBwDE0NGyQoBHbLQYPwSUPoCMWR5BEzIk/f1lZbAQM=
github.com/pmezard/go-difflib v1.0.0/go.mod h1:iKH77koFhYxTK1pcRnkKkqfTogsbg7gZNVY4sRDYZ/4=
github.com/rivo/uniseg v0.4.7 h1:WUdvkW8uEhrYfLC4ZzdpI2ztxP1I582+49Oc5Mq64VQ=
github.com/rivo/uniseg v0.4.7/go.mod h1:FN3SvrM+Zdj16jyLfmOkMNblXMcoc8DfTHruCPUcx88=
github.com/rogpeppe/go-internal v1.12.0 h1:exVL4IDcn6na9z1rAb56Vxr+CgyK3nn3O+epU5NdKM8=
github.com/rogpeppe/go-internal v1.12.0/go.mod h1:E+RYuTGaKKdloAfM02xzb0FW3Paa99yedzYV+kq4uf4=
github.com/rs/xid v1.5.0 h1:mKX4bl4iPYJtEIxp6CYiUuLQ/8DYMoz0PUdtGgMFRVc=
github.com/rs/xid v1.5.0/go.mod h1:trrq9SKmegXys3aeAKXMUTdJsYXVwGY3RLcfgqegfbg=
github.com/rs/zerolog v1.33.0 h1:1cU2KZkvPxNyfgEmhHAz/1A9Bz+llsdYzklWFzgp0r8=
github.com/rs/zerolog v1.33.0/go.mod h1:/7mN4D5sKwJLZQ2b/znpjC3/GQWY/xaDXUM0kKWRHss=
github.com/satori/go.uuid v1.2.1-0.20181028125025-b2ce2384e17b h1:gQZ0qzfKHQIybLANtM3mBXNUtOfsCFXeTsnBqCsx1KM=
github.com/satori/go.uuid v1.2.1-0.20181028125025-b2ce2384e17b/go.mod h1:dA0hQrYB0VpLJoorglMZABFdXlWrHn1NEOzdhQKdks0=
github.com/spf13/pflag v1.0.3/go.mod h1:DYY7MBk1bdzusC3SYhjObp+wFpr4gzcvqqNjLnInEg4=
github.com/stretchr/testify v1.10.0 h1:Xv5erBjTwe/5IxqUQTdXv5kgmIvbHo3QQyRwhJsOfJA=
github.com/stretchr/testify v1.10.0/go.mod h1:r2ic/lqez/lEtzL7wO/rwa5dbSLXVDPFyf8C91i36aY=
github.com/wlynxg/anet v0.0.5 h1:J3VJGi1gvo0JwZ/P1/Yc/8p63SoW98B5dHkYDmpgvvU=
github.com/wlynxg/anet v0.0.5/go.mod h1:eay5PRQr7fIVAMbTbchTnO9gG65Hg/uYGdc7mguHxoA=
github.com/yuin/goldmark v1.4.13/go.mod h1:6yULJ656Px+3vBD8DxQVa3kxgyrAnzto9xy5taEt/CY=
gocv.io/x/gocv v0.40.0 h1:kGBu/UVj+dO6A9dhQmGOnCICSL7ke7b5YtX3R3azdXI=
gocv.io/x/gocv v0.40.0/go.mod h1:zYdWMj29WAEznM3Y8NsU3A0TRq/wR/cy75jeUypThqU=
golang.org/x/crypto v0.0.0-20190308221718-c2843e01d9a2/go.mod h1:djNgcEr1/C05ACkg1iLfiJU5Ep61QUkGW8qpdssI0+w=
golang.org/x/crypto v0.0.0-20210921155107-089bfa567519/go.mod h1:GvvjBRRGRdwPK5ydBHafDWAxML/pGHZbMvKqRZ5+Abc=
golang.org/x/crypto v0.13.0/go.mod h1:y6Z2r+Rw4iayiXXAIxJIDAJ1zMW4yaTpebo8fPOliYc=
golang.org/x/crypto v0.19.0/go.mod h1:Iy9bg/ha4yyC70EfRS8jz+B6ybOBKMaSxLj6P6oBDfU=
golang.org/x/crypto v0.23.0/go.mod h1:CKFgDieR+mRhux2Lsu27y0fO304Db0wZe70UKqHu0v8=
golang.org/x/crypto v0.33.0 h1:IOBPskki6Lysi0lo9qQvbxiQ+FvsCC/YWOecCHAixus=
golang.org/x/crypto v0.33.0/go.mod h1:bVdXmD7IV/4GdElGPozy6U7lWdRXA4qyRVGJV57uQ5M=
golang.org/x/exp v0.0.0-20240416160154-fe59bbe5cc7f h1:99ci1mjWVBWwJiEKYY6jWa4d2nTQVIEhZIptnrVb1XY=
golang.org/x/exp v0.0.0-20240416160154-fe59bbe5cc7f/go.mod h1:/lliqkxwWAhPjf5oSOIJup2XcqJaw8RGS6k3TGEc7GI=
golang.org/x/image v0.20.0/go.mod h1:0a88To4CYVBAHp5FXJm8o7QbUl37Vd85ply1vyD8auM=
golang.org/x/image v0.23.0 h1:HseQ7c2OpPKTPVzNjG5fwJsOTCiiwS4QdsYi5XU6H68=
golang.org/x/image v0.23.0/go.mod h1:wJJBTdLfCCf3tiHa1fNxpZmUI4mmoZvwMCPP0ddoNKY=
golang.org/x/mod v0.6.0-dev.0.20220419223038-86c51ed26bb4/go.mod h1:jJ57K6gSWd91VN4djpZkiMVwK6gcyfeH4XE8wZrZaV4=
golang.org/x/mod v0.8.0/go.mod h1:iBbtSCu2XBx23ZKBPSOrRkjjQPZFPuis4dIYUhu/chs=
golang.org/x/mod v0.12.0/go.mod h1:iBbtSCu2XBx23ZKBPSOrRkjjQPZFPuis4dIYUhu/chs=
golang.org/x/mod v0.15.0/go.mod h1:hTbmBsO62+eylJbnUtE2MGJUyE7QWk4xUqPFrRgJ+7c=
golang.org/x/mod v0.17.0/go.mod h1:hTbmBsO62+eylJbnUtE2MGJUyE7QWk4xUqPFrRgJ+7c=
golang.org/x/net v0.0.0-20190311183353-d8887717615a/go.mod h1:t9HGtf8HONx5eT2rtn7q6eTqICYqUVnKs3thJo3Qplg=
golang.org/x/net v0.0.0-20190620200207-3b0461eec859/go.mod h1:z5CRVTTTmAJ677TzLLGU+0bjPO0LkuOLi4/5GtJWs/s=
golang.org/x/net v0.0.0-20210226172049-e18ecbb05110/go.mod h1:m0MpNAwzfU5UDzcl9v0D8zg8gWTRqZa9RBIspLL5mdg=
golang.org/x/net v0.0.0-20220722155237-a158d28d115b/go.mod h1:XRhObCWvk6IyKnWLug+ECip1KBveYUHfp+8e9klMJ9c=
golang.org/x/net v0.6.0/go.mod h1:2Tu9+aMcznHK/AK1HMvgo6xiTLG5rD5rZLDS+rp2Bjs=
golang.org/x/net v0.10.0/go.mod h1:0qNGK6F8kojg2nk9dLZ2mShWaEBan6FAoqfSigmmuDg=
golang.org/x/net v0.15.0/go.mod h1:idbUs1IY1+zTqbi8yxTbhexhEEk5ur9LInksu6HrEpk=
golang.org/x/net v0.21.0/go.mod h1:bIjVDfnllIU7BJ2DNgfnXvpSvtn8VRwhlsaeUTyUS44=
golang.org/x/net v0.25.0/go.mod h1:JkAGAh7GEvH74S6FOH42FLoXpXbE/aqXSrIQjXgsiwM=
golang.org/x/net v0.35.0 h1:T5GQRQb2y08kTAByq9L4/bz8cipCdA8FbRTXewonqY8=
golang.org/x/net v0.35.0/go.mod h1:EglIi67kWsHKlRzzVMUD93VMSWGFOMSZgxFjparz1Qk=
golang.org/x/sync v0.0.0-20190423024810-112230192c58/go.mod h1:RxMgew5VJxzue5/jJTE5uejpjVlOe/izrB70Jof72aM=
golang.org/x/sync v0.0.0-20220722155255-886fb9371eb4/go.mod h1:RxMgew5VJxzue5/jJTE5uejpjVlOe/izrB70Jof72aM=
golang.org/x/sync v0.1.0/go.mod h1:RxMgew5VJxzue5/jJTE5uejpjVlOe/izrB70Jof72aM=
golang.org/x/sync v0.3.0/go.mod h1:FU7BRWz2tNW+3quACPkgCx/L+uEAv1htQ0V83Z9Rj+Y=
golang.org/x/sync v0.6.0/go.mod h1:Czt+wKu1gCyEFDUtn0jG5QVvpJ6rzVqr5aXyt9drQfk=
golang.org/x/sync v0.7.0/go.mod h1:Czt+wKu1gCyEFDUtn0jG5QVvpJ6rzVqr5aXyt9drQfk=
golang.org/x/sync v0.8.0/go.mod h1:Czt+wKu1gCyEFDUtn0jG5QVvpJ6rzVqr5aXyt9drQfk=
golang.org/x/sync v0.12.0 h1:MHc5BpPuC30uJk597Ri8TV3CNZcTLu6B6z4lJy+g6Jw=
golang.org/x/sync v0.12.0/go.mod h1:1dzgHSNfp02xaA81J2MS99Qcpr2w7fw1gpm99rleRqA=
golang.org/x/sys v0.0.0-20190215142949-d0b11bdaac8a/go.mod h1:STP8DvDyc/dI5b8T5hshtkjS+E42TnysNCUPdjciGhY=
golang.org/x/sys v0.0.0-20201119102817-f84b799fce68/go.mod h1:h1NjWce9XRLGQEsW7wpKNCjG9DtNlClVuFLEZdDNbEs=
golang.org/x/sys v0.0.0-20210615035016-665e8c7367d1/go.mod h1:oPkhp1MJrh7nUepCBck5+mAzfO9JrbApNNgaTdGDITg=
golang.org/x/sys v0.0.0-20220520151302-bc2c85ada10a/go.mod h1:oPkhp1MJrh7nUepCBck5+mAzfO9JrbApNNgaTdGDITg=
golang.org/x/sys v0.0.0-20220722155257-8c9f86f7a55f/go.mod h1:oPkhp1MJrh7nUepCBck5+mAzfO9JrbApNNgaTdGDITg=
golang.org/x/sys v0.0.0-20220811171246-fbc7d0a398ab/go.mod h1:oPkhp1MJrh7nUepCBck5+mAzfO9JrbApNNgaTdGDITg=
golang.org/x/sys v0.1.0/go.mod h1:oPkhp1MJrh7nUepCBck5+mAzfO9JrbApNNgaTdGDITg=
golang.org/x/sys v0.5.0/go.mod h1:oPkhp1MJrh7nUepCBck5+mAzfO9JrbApNNgaTdGDITg=
golang.org/x/sys v0.6.0/go.mod h1:oPkhp1MJrh7nUepCBck5+mAzfO9JrbApNNgaTdGDITg=
golang.org/x/sys v0.8.0/go.mod h1:oPkhp1MJrh7nUepCBck5+mAzfO9JrbApNNgaTdGDITg=
golang.org/x/sys v0.12.0/go.mod h1:oPkhp1MJrh7nUepCBck5+mAzfO9JrbApNNgaTdGDITg=
golang.org/x/sys v0.17.0/go.mod h1:/VUhepiaJMQUp4+oa/7Zr1D23ma6VTLIYjOOTFZPUcA=
golang.org/x/sys v0.20.0/go.mod h1:/VUhepiaJMQUp4+oa/7Zr1D23ma6VTLIYjOOTFZPUcA=
golang.org/x/sys v0.31.0 h1:ioabZlmFYtWhL+TRYpcnNlLwhyxaM9kWTDEmfnprqik=
golang.org/x/sys v0.31.0/go.mod h1:BJP2sWEmIv4KK5OTEluFJCKSidICx8ciO85XgH3Ak8k=
golang.org/x/telemetry v0.0.0-20240228155512-f48c80bd79b2/go.mod h1:TeRTkGYfJXctD9OcfyVLyj2J3IxLnKwHJR8f4D8a3YE=
golang.org/x/term v0.0.0-20201126162022-7de9c90e9dd1/go.mod h1:bj7SfCRtBDWHUb9snDiAeCFNEtKQo2Wmx5Cou7ajbmo=
golang.org/x/term v0.0.0-20210927222741-03fcf44c2211/go.mod h1:jbD1KX2456YbFQfuXm/mYQcufACuNUgVhRMnK/tPxf8=
golang.org/x/term v0.5.0/go.mod h1:jMB1sMXY+tzblOD4FWmEbocvup2/aLOaQEp7JmGp78k=
golang.org/x/term v0.8.0/go.mod h1:xPskH00ivmX89bAKVGSKKtLOWNx2+17Eiy94tnKShWo=
golang.org/x/term v0.12.0/go.mod h1:owVbMEjm3cBLCHdkQu9b1opXd4ETQWc3BhuQGKgXgvU=
golang.org/x/term v0.17.0/go.mod h1:lLRBjIVuehSbZlaOtGMbcMncT+aqLLLmKrsjNrUguwk=
golang.org/x/term v0.20.0/go.mod h1:8UkIAJTvZgivsXaD6/pH6U9ecQzZ45awqEOzuCvwpFY=
golang.org/x/text v0.3.0/go.mod h1:NqM8EUOU14njkJ3fqMW+pc6Ldnwhi/IjpwHt7yyuwOQ=
golang.org/x/text v0.3.3/go.mod h1:5Zoc/QRtKVWzQhOtBMvqHzDpF6irO9z98xDceosuGiQ=
golang.org/x/text v0.3.7/go.mod h1:u+2+/6zg+i71rQMx5EYifcz6MCKuco9NR6JIITiCfzQ=
golang.org/x/text v0.7.0/go.mod h1:mrYo+phRRbMaCq/xk9113O4dZlRixOauAjOtrjsXDZ8=
golang.org/x/text v0.9.0/go.mod h1:e1OnstbJyHTd6l/uOt8jFFHp6TRDWZR/bV3emEE/zU8=
golang.org/x/text v0.13.0/go.mod h1:TvPlkZtksWOMsz7fbANvkp4WM8x/WCo/om8BMLbz+aE=
golang.org/x/text v0.14.0/go.mod h1:18ZOQIKpY8NJVqYksKHtTdi31H5itFRjB5/qKTNYzSU=
golang.org/x/text v0.15.0/go.mod h1:18ZOQIKpY8NJVqYksKHtTdi31H5itFRjB5/qKTNYzSU=
golang.org/x/text v0.18.0/go.mod h1:BuEKDfySbSR4drPmRPG/7iBdf8hvFMuRexcpahXilzY=
golang.org/x/text v0.22.0 h1:bofq7m3/HAFvbF51jz3Q9wLg3jkvSPuiZu/pD1XwgtM=
golang.org/x/text v0.22.0/go.mod h1:YRoo4H8PVmsu+E3Ou7cqLVH8oXWIHVoX0jqUWALQhfY=
golang.org/x/tools v0.0.0-20180917221912-90fa682c2a6e/go.mod h1:n7NCudcB/nEzxVGmLbDWY5pfWTLqBcC2KZ6jyYvM4mQ=
golang.org/x/tools v0.0.0-20190624222133-a101b041ded4/go.mod h1:/rFqwRUd4F7ZHNgwSSTFct+R/Kf4OFW1sUzUTQQTgfc=
golang.org/x/tools v0.0.0-20191119224855-298f0cb1881e/go.mod h1:b+2E5dAYhXwXZwtnZ6UAqBI28+e2cm9otk0dWdXHAEo=
golang.org/x/tools v0.1.12/go.mod h1:hNGJHUnrk76NpqgfD5Aqm5Crs+Hm0VOH/i9J2+nxYbc=
golang.org/x/tools v0.6.0/go.mod h1:Xwgl3UAJ/d3gWutnCtw505GrjyAbvKui8lOU390QaIU=
golang.org/x/tools v0.13.0/go.mod h1:HvlwmtVNQAhOuCjW7xxvovg8wbNq7LwfXh/k7wXUl58=
golang.org/x/tools v0.21.1-0.20240508182429-e35e4ccd0d2d/go.mod h1:aiJjzUbINMkxbQROHiO6hDPo2LHcIPhhQsa9DLh0yGk=
golang.org/x/xerrors v0.0.0-20190717185122-a985d3407aa7/go.mod h1:I/5z698sn9Ka8TeJc9MKroUUfqBBauWjQqLJ2OPfmY0=
gopkg.in/check.v1 v1.0.0-20201130134442-10cb98267c6c h1:Hei/4ADfdWqJk1ZMxUNpqntNwaWcugrBjAiHlqqRiVk=
gopkg.in/check.v1 v1.0.0-20201130134442-10cb98267c6c/go.mod h1:JHkPIbrfpd72SG/EVd6muEfDQjcINNoR0C8j2r3qZ4Q=
gopkg.in/yaml.v3 v3.0.1 h1:fxVm/GzAzEWqLHuvctI91KS9hhNmmWOoWu0XTYJS7CA=
gopkg.in/yaml.v3 v3.0.1/go.mod h1:K4uyk7z7BCEPqu6E+C64Yfv1cQ7kz7rIZviUmN+EgEM=
gotest.tools/v3 v3.0.2/go.mod h1:3SzNCllyD9/Y+b5r9JIKQ474KzkZyqLqEfYqMsX94Bk=
gotest.tools/v3 v3.5.0 h1:Ljk6PdHdOhAb5aDMWXjDLMMhph+BpztA4v1QdqEW2eY=
gotest.tools/v3 v3.5.0/go.mod h1:isy3WKz7GK6uNw/sbHzfKBLvlvXwUyV06n6brMxxopU=
